# This file is autogenerated, do not edit; changes may be undone by the next 'dep ensure'.


[[projects]]
  branch = "master"
  name = "github.com/golang/protobuf"
  packages = ["jsonpb","proto","ptypes/struct"]
  revision = "1e59b77b52bf8e4b449a57e6f79f21226d571845"

[[projects]]
  name = "github.com/twitchtv/twirp"
  packages = [".","ctxsetters","internal/contextkeys"]
  revision = "db96cdf354e8dc053e5ee5fe890bb0a7f18123ab"
  version = "v5.0.0"

[solve-meta]
  analyzer-name = "dep"
  analyzer-version = 1
  inputs-digest = "68c6686100dcabf5b9a90eef1f5a153c4b517f83b9645411b32df69562daddee"
  solver-name = "gps-cdcl"
  solver-version = 1
